// !$*UTF8*$!
{
	archiveVersion = 1;
	classes = {
	};
	objectVersion = 48;
	objects = {

/* Begin PBXBuildFile section */
		ACDAF9951FD0F261008A68FD /* AppDelegate.swift in Sources */ = {isa = PBXBuildFile; fileRef = ACDAF9941FD0F261008A68FD /* AppDelegate.swift */; };
		ACDAF9971FD0F261008A68FD /* ViewController.swift in Sources */ = {isa = PBXBuildFile; fileRef = ACDAF9961FD0F261008A68FD /* ViewController.swift */; };
		ACDAF99A1FD0F261008A68FD /* Main.storyboard in Resources */ = {isa = PBXBuildFile; fileRef = ACDAF9981FD0F261008A68FD /* Main.storyboard */; };
		ACDAF99C1FD0F261008A68FD /* Assets.xcassets in Resources */ = {isa = PBXBuildFile; fileRef = ACDAF99B1FD0F261008A68FD /* Assets.xcassets */; };
		ACDAF99F1FD0F261008A68FD /* LaunchScreen.storyboard in Resources */ = {isa = PBXBuildFile; fileRef = ACDAF99D1FD0F261008A68FD /* LaunchScreen.storyboard */; };
/* End PBXBuildFile section */

/* Begin PBXFileReference section */
		ACDAF9911FD0F261008A68FD /* KvoKvcReactive.app */ = {isa = PBXFileReference; explicitFileType = wrapper.application; includeInIndex = 0; path = KvoKvcReactive.app; sourceTree = BUILT_PRODUCTS_DIR; };
		ACDAF9941FD0F261008A68FD /* AppDelegate.swift */ = {isa = PBXFileReference; lastKnownFileType = sourcecode.swift; path = AppDelegate.swift; sourceTree = "<group>"; };
		ACDAF9961FD0F261008A68FD /* ViewController.swift */ = {isa = PBXFileReference; lastKnownFileType = sourcecode.swift; path = ViewController.swift; sourceTree = "<group>"; };
		ACDAF9991FD0F261008A68FD /* Base */ = {isa = PBXFileReference; lastKnownFileType = file.storyboard; name = Base; path = Base.lproj/Main.storyboard; sourceTree = "<group>"; };
		ACDAF99B1FD0F261008A68FD /* Assets.xcassets */ = {isa = PBXFileReference; lastKnownFileType = folder.assetcatalog; path = Assets.xcassets; sourceTree = "<group>"; };
		ACDAF99E1FD0F261008A68FD /* Base */ = {isa = PBXFileReference; lastKnownFileType = file.storyboard; name = Base; path = Base.lproj/LaunchScreen.storyboard; sourceTree = "<group>"; };
		ACDAF9A01FD0F261008A68FD /* Info.plist */ = {isa = PBXFileReference; lastKnownFileType = text.plist.xml; path = Info.plist; sourceTree = "<group>"; };
/* End PBXFileReference section */

/* Begin PBXFrameworksBuildPhase section */
		ACDAF98E1FD0F261008A68FD /* Frameworks */ = {
			isa = PBXFrameworksBuildPhase;
			buildActionMask = 2147483647;
			files = (
			);
			runOnlyForDeploymentPostprocessing = 0;
		};
/* End PBXFrameworksBuildPhase section */

/* Begin PBXGroup section */
		ACDAF9881FD0F261008A68FD = {
			isa = PBXGroup;
			children = (
				ACDAF9931FD0F261008A68FD /* KvoKvcReactive */,
				ACDAF9921FD0F261008A68FD /* Products */,
			);
			sourceTree = "<group>";
		};
		ACDAF9921FD0F261008A68FD /* Products */ = {
			isa = PBXGroup;
			children = (
				ACDAF9911FD0F261008A68FD /* KvoKvcReactive.app */,
			);
			name = Products;
			sourceTree = "<group>";
		};
		ACDAF9931FD0F261008A68FD /* KvoKvcReactive */ = {
			isa = PBXGroup;
			children = (
				ACDAF9941FD0F261008A68FD /* AppDelegate.swift */,
				ACDAF9961FD0F261008A68FD /* ViewController.swift */,
				ACDAF9981FD0F261008A68FD /* Main.storyboard */,
				ACDAF99B1FD0F261008A68FD /* Assets.xcassets */,
				ACDAF99D1FD0F261008A68FD /* LaunchScreen.storyboard */,
				ACDAF9A01FD0F261008A68FD /* Info.plist */,
			);
			path = KvoKvcReactive;
			sourceTree = "<group>";
		};
/* End PBXGroup section */

/* Begin PBXNativeTarget section */
		ACDAF9901FD0F261008A68FD /* KvoKvcReactive */ = {
			isa = PBXNativeTarget;
			buildConfigurationList = ACDAF9A31FD0F261008A68FD /* Build configuration list for PBXNativeTarget "KvoKvcReactive" */;
			buildPhases = (
				ACDAF98D1FD0F261008A68FD /* Sources */,
				ACDAF98E1FD0F261008A68FD /* Frameworks */,
				ACDAF98F1FD0F261008A68FD /* Resources */,
			);
			buildRules = (
			);
			dependencies = (
			);
			name = KvoKvcReactive;
			productName = KvoKvcReactive;
			productReference = ACDAF9911FD0F261008A68FD /* KvoKvcReactive.app */;
			productType = "com.apple.product-type.application";
		};
/* End PBXNativeTarget section */

/* Begin PBXProject section */
		ACDAF9891FD0F261008A68FD /* Project object */ = {
			isa = PBXProject;
			attributes = {
				LastSwiftUpdateCheck = 0910;
				LastUpgradeCheck = 0910;
				ORGANIZATIONNAME = "Vineeth Xavier";
				TargetAttributes = {
					ACDAF9901FD0F261008A68FD = {
						CreatedOnToolsVersion = 9.1;
						ProvisioningStyle = Automatic;
					};
				};
			};
			buildConfigurationList = ACDAF98C1FD0F261008A68FD /* Build configuration list for PBXProject "KvoKvcReactive" */;
			compatibilityVersion = "Xcode 8.0";
			developmentRegion = en;
			hasScannedForEncodings = 0;
			knownRegions = (
				en,
				Base,
			);
			mainGroup = ACDAF9881FD0F261008A68FD;
			productRefGroup = ACDAF9921FD0F261008A68FD /* Products */;
			projectDirPath = "";
			projectRoot = "";
			targets = (
				ACDAF9901FD0F261008A68FD /* KvoKvcReactive */,
			);
		};
/* End PBXProject section */

/* Begin PBXResourcesBuildPhase section */
		ACDAF98F1FD0F261008A68FD /* Resources */ = {
			isa = PBXResourcesBuildPhase;
			buildActionMask = 2147483647;
			files = (
				ACDAF99F1FD0F261008A68FD /* LaunchScreen.storyboard in Resources */,
				ACDAF99C1FD0F261008A68FD /* Assets.xcassets in Resources */,
				ACDAF99A1FD0F261008A68FD /* Main.storyboard in Resources */,
			);
			runOnlyForDeploymentPostprocessing = 0;
		};
/* End PBXResourcesBuildPhase section */

/* Begin PBXSourcesBuildPhase section */
		ACDAF98D1FD0F261008A68FD /* Sources */ = {
			isa = PBXSourcesBuildPhase;
			buildActionMask = 2147483647;
			files = (
				ACDAF9971FD0F261008A68FD /* ViewController.swift in Sources */,
				ACDAF9951FD0F261008A68FD /* AppDelegate.swift in Sources */,
			);
			runOnlyForDeploymentPostprocessing = 0;
		};
/* End PBXSourcesBuildPhase section */

/* Begin PBXVariantGroup section */
		ACDAF9981FD0F261008A68FD /* Main.storyboard */ = {
			isa = PBXVariantGroup;
			children = (
				ACDAF9991FD0F261008A68FD /* Base */,
			);
			name = Main.storyboard;
			sourceTree = "<group>";
		};
		ACDAF99D1FD0F261008A68FD /* LaunchScreen.storyboard */ = {
			isa = PBXVariantGroup;
			children = (
				ACDAF99E1FD0F261008A68FD /* Base */,
			);
			name = LaunchScreen.storyboard;
			sourceTree = "<group>";
		};
/* End PBXVariantGroup section */

/* Begin XCBuildConfiguration section */
		ACDAF9A11FD0F261008A68FD /* Debug */ = {
			isa = XCBuildConfiguration;
			buildSettings = {
				ALWAYS_SEARCH_USER_PATHS = NO;
				CLANG_ANALYZER_NONNULL = YES;
				CLANG_ANALYZER_NUMBER_OBJECT_CONVERSION = YES_AGGRESSIVE;
				CLANG_CXX_LANGUAGE_STANDARD = "gnu++14";
				CLANG_CXX_LIBRARY = "libc++";
				CLANG_ENABLE_MODULES = YES;
				CLANG_ENABLE_OBJC_ARC = YES;
				CLANG_WARN_BLOCK_CAPTURE_AUTORELEASING = YES;
				CLANG_WARN_BOOL_CONVERSION = YES;
				CLANG_WARN_COMMA = YES;
				CLANG_WARN_CONSTANT_CONVERSION = YES;
				CLANG_WARN_DIRECT_OBJC_ISA_USAGE = YES_ERROR;
				CLANG_WARN_DOCUMENTATION_COMMENTS = YES;
				CLANG_WARN_EMPTY_BODY = YES;
				CLANG_WARN_ENUM_CONVERSION = YES;
				CLANG_WARN_INFINITE_RECURSION = YES;
				CLANG_WARN_INT_CONVERSION = YES;
				CLANG_WARN_NON_LITERAL_NULL_CONVERSION = YES;
				CLANG_WARN_OBJC_LITERAL_CONVERSION = YES;
				CLANG_WARN_OBJC_ROOT_CLASS = YES_ERROR;
				CLANG_WARN_RANGE_LOOP_ANALYSIS = YES;
				CLANG_WARN_STRICT_PROTOTYPES = YES;
				CLANG_WARN_SUSPICIOUS_MOVE = YES;
				CLANG_WARN_UNGUARDED_AVAILABILITY = YES_AGGRESSIVE;
				CLANG_WARN_UNREACHABLE_CODE = YES;
				CLANG_WARN__DUPLICATE_METHOD_MATCH = YES;
				CODE_SIGN_IDENTITY = "iPhone Developer";
				COPY_PHASE_STRIP = NO;
				DEBUG_INFORMATION_FORMAT = dwarf;
				ENABLE_STRICT_OBJC_MSGSEND = YES;
				ENABLE_TESTABILITY = YES;
				GCC_C_LANGUAGE_STANDARD = gnu11;
				GCC_DYNAMIC_NO_PIC = NO;
				GCC_NO_COMMON_BLOCKS = YES;
				GCC_OPTIMIZATION_LEVEL = 0;
				GCC_PREPROCESSOR_DEFINITIONS = (
					"DEBUG=1",
					"$(inherited)",
				);
				GCC_WARN_64_TO_32_BIT_CONVERSION = YES;
				GCC_WARN_ABOUT_RETURN_TYPE = YES_ERROR;
				GCC_WARN_UNDECLARED_SELECTOR = YES;
				GCC_WARN_UNINITIALIZED_AUTOS = YES_AGGRESSIVE;
				GCC_WARN_UNUSED_FUNCTION = YES;
				GCC_WARN_UNUSED_VARIABLE = YES;
				IPHONEOS_DEPLOYMENT_TARGET = 11.1;
				MTL_ENABLE_DEBUG_INFO = YES;
				ONLY_ACTIVE_ARCH = YES;
				SDKROOT = iphoneos;
				SWIFT_ACTIVE_COMPILATION_CONDITIONS = DEBUG;
				SWIFT_OPTIMIZATION_LEVEL = "-Onone";
			};
			name = Debug;
		};
		ACDAF9A21FD0F261008A68FD /* Release */ = {
			isa = XCBuildConfiguration;
			buildSettings = {
				ALWAYS_SEARCH_USER_PATHS = NO;
				CLANG_ANALYZER_NONNULL = YES;
				CLANG_ANALYZER_NUMBER_OBJECT_CONVERSION = YES_AGGRESSIVE;
				CLANG_CXX_LANGUAGE_STANDARD = "gnu++14";
				CLANG_CXX_LIBRARY = "libc++";
				CLANG_ENABLE_MODULES = YES;
				CLANG_ENABLE_OBJC_ARC = YES;
				CLANG_WARN_BLOCK_CAPTURE_AUTORELEASING = YES;
				CLANG_WARN_BOOL_CONVERSION = YES;
				CLANG_WARN_COMMA = YES;
				CLANG_WARN_CONSTANT_CONVERSION = YES;
				CLANG_WARN_DIRECT_OBJC_ISA_USAGE = YES_ERROR;
				CLANG_WARN_DOCUMENTATION_COMMENTS = YES;
				CLANG_WARN_EMPTY_BODY = YES;
				CLANG_WARN_ENUM_CONVERSION = YES;
				CLANG_WARN_INFINITE_RECURSION = YES;
				CLANG_WARN_INT_CONVERSION = YES;
				CLANG_WARN_NON_LITERAL_NULL_CONVERSION = YES;
				CLANG_WARN_OBJC_LITERAL_CONVERSION = YES;
				CLANG_WARN_OBJC_ROOT_CLASS = YES_ERROR;
				CLANG_WARN_RANGE_LOOP_ANALYSIS = YES;
				CLANG_WARN_STRICT_PROTOTYPES = YES;
				CLANG_WARN_SUSPICIOUS_MOVE = YES;
				CLANG_WARN_UNGUARDED_AVAILABILITY = YES_AGGRESSIVE;
				CLANG_WARN_UNREACHABLE_CODE = YES;
				CLANG_WARN__DUPLICATE_METHOD_MATCH = YES;
				CODE_SIGN_IDENTITY = "iPhone Developer";
				COPY_PHASE_STRIP = NO;
				DEBUG_INFORMATION_FORMAT = "dwarf-with-dsym";
				ENABLE_NS_ASSERTIONS = NO;
				ENABLE_STRICT_OBJC_MSGSEND = YES;
				GCC_C_LANGUAGE_STANDARD = gnu11;
				GCC_NO_COMMON_BLOCKS = YES;
				GCC_WARN_64_TO_32_BIT_CONVERSION = YES;
				GCC_WARN_ABOUT_RETURN_TYPE = YES_ERROR;
				GCC_WARN_UNDECLARED_SELECTOR = YES;
				GCC_WARN_UNINITIALIZED_AUTOS = YES_AGGRESSIVE;
				GCC_WARN_UNUSED_FUNCTION = YES;
				GCC_WARN_UNUSED_VARIABLE = YES;
				IPHONEOS_DEPLOYMENT_TARGET = 11.1;
				MTL_ENABLE_DEBUG_INFO = NO;
				SDKROOT = iphoneos;
				SWIFT_OPTIMIZATION_LEVEL = "-Owholemodule";
				VALIDATE_PRODUCT = YES;
			};
			name = Release;
		};
		ACDAF9A41FD0F261008A68FD /* Debug */ = {
			isa = XCBuildConfiguration;
			buildSettings = {
				ASSETCATALOG_COMPILER_APPICON_NAME = AppIcon;
				CODE_SIGN_STYLE = Automatic;
				DEVELOPMENT_TEAM = RCFH7Y85S3;
				INFOPLIST_FILE = KvoKvcReactive/Info.plist;
				LD_RUNPATH_SEARCH_PATHS = "$(inherited) @executable_path/Frameworks";
				PRODUCT_BUNDLE_IDENTIFIER = vx.KvoKvcReactive;
				PRODUCT_NAME = "$(TARGET_NAME)";
				SWIFT_VERSION = 4.0;
				TARGETED_DEVICE_FAMILY = "1,2";
			};
			name = Debug;
		};
		ACDAF9A51FD0F261008A68FD /* Release */ = {
			isa = XCBuildConfiguration;
			buildSettings = {
				ASSETCATALOG_COMPILER_APPICON_NAME = AppIcon;
				CODE_SIGN_STYLE = Automatic;
				DEVELOPMENT_TEAM = RCFH7Y85S3;
				INFOPLIST_FILE = KvoKvcReactive/Info.plist;
				LD_RUNPATH_SEARCH_PATHS = "$(inherited) @executable_path/Frameworks";
				PRODUCT_BUNDLE_IDENTIFIER = vx.KvoKvcReactive;
				PRODUCT_NAME = "$(TARGET_NAME)";
				SWIFT_VERSION = 4.0;
				TARGETED_DEVICE_FAMILY = "1,2";
			};
			name = Release;
		};
/* End XCBuildConfiguration section */

/* Begin XCConfigurationList section */
		ACDAF98C1FD0F261008A68FD /* Build configuration list for PBXProject "KvoKvcReactive" */ = {
			isa = XCConfigurationList;
			buildConfigurations = (
				ACDAF9A11FD0F261008A68FD /* Debug */,
				ACDAF9A21FD0F261008A68FD /* Release */,
			);
			defaultConfigurationIsVisible = 0;
			defaultConfigurationName = Release;
		};
		ACDAF9A31FD0F261008A68FD /* Build configuration list for PBXNativeTarget "KvoKvcReactive" */ = {
			isa = XCConfigurationList;
			buildConfigurations = (
				ACDAF9A41FD0F261008A68FD /* Debug */,
				ACDAF9A51FD0F261008A68FD /* Release */,
			);
			defaultConfigurationIsVisible = 0;
			defaultConfigurationName = Release;
		};
/* End XCConfigurationList section */
	};
	rootObject = ACDAF9891FD0F261008A68FD /* Project object */;
}
